
Microsoft Visual Studio Solution File, Format Version 12.00
# Visual Studio Version 16
VisualStudioVersion = 16.0.29519.87
MinimumVisualStudioVersion = 10.0.40219.1
Project("{FAE04EC0-301F-11D3-BF4B-00C04F79EFBC}") = "AplicacionEventos", "AplicacionEventos\AplicacionEventos.csproj", "{A463B682-E9E7-4F91-B068-F1FC4EB04D7C}"
EndProject
Global
	GlobalSection(SolutionConfigurationPlatforms) = preSolution
		Debug|Any CPU = Debug|Any CPU
		Release|Any CPU = Release|Any CPU
	EndGlobalSection
	GlobalSection(ProjectConfigurationPlatforms) = postSolution
		{A463B682-E9E7-4F91-B068-F1FC4EB04D7C}.Debug|Any CPU.ActiveCfg = Debug|Any CPU
		{A463B682-E9E7-4F91-B068-F1FC4EB04D7C}.Debug|Any CPU.Build.0 = Debug|Any CPU
		{A463B682-E9E7-4F91-B068-F1FC4EB04D7C}.Release|Any CPU.ActiveCfg = Release|Any CPU
		{A463B682-E9E7-4F91-B068-F1FC4EB04D7C}.Release|Any CPU.Build.0 = Release|Any CPU
	EndGlobalSection
	GlobalSection(SolutionProperties) = preSolution
		HideSolutionNode = FALSE
	EndGlobalSection
	GlobalSection(ExtensibilityGlobals) = postSolution
		SolutionGuid = {698928F1-1560-4D0E-8756-B8CBC95F24AC}
	EndGlobalSection
EndGlobal
